
Microsoft Visual Studio Solution File, Format Version 12.00
# Visual Studio Version 16
VisualStudioVersion = 16.0.30011.22
MinimumVisualStudioVersion = 10.0.40219.1
Project("{4DF76451-A46A-4C0B-BE03-459FAAFA07E6}") = "ONS", "ONS.mproj", "{F5C68A02-92DC-49C2-B7FF-9ED4431B5B72}"
EndProject
Global
	GlobalSection(SolutionConfigurationPlatforms) = preSolution
		Debug|x86 = Debug|x86
		Release|x86 = Release|x86
	EndGlobalSection
	GlobalSection(ProjectConfigurationPlatforms) = postSolution
		{F5C68A02-92DC-49C2-B7FF-9ED4431B5B72}.Debug|x86.ActiveCfg = Debug|x86
		{F5C68A02-92DC-49C2-B7FF-9ED4431B5B72}.Debug|x86.Build.0 = Debug|x86
		{F5C68A02-92DC-49C2-B7FF-9ED4431B5B72}.Release|x86.ActiveCfg = Release|x86
		{F5C68A02-92DC-49C2-B7FF-9ED4431B5B72}.Release|x86.Build.0 = Release|x86
	EndGlobalSection
	GlobalSection(SolutionProperties) = preSolution
		HideSolutionNode = FALSE
	EndGlobalSection
	GlobalSection(ExtensibilityGlobals) = postSolution
		SolutionGuid = {44370304-F12F-4B36-A85D-A6BED0FFC37E}
	EndGlobalSection
EndGlobal
